
Microsoft Visual Studio Solution File, Format Version 12.00
# Visual Studio Version 17
VisualStudioVersion = 17.7.34002.454
MinimumVisualStudioVersion = 10.0.40219.1
Project("{FAE04EC0-301F-11D3-BF4B-00C04F79EFBC}") = "WebAppMvc_Anc60_NoAuth_1", "WebAppMvc_Anc60_NoAuth_1\WebAppMvc_Anc60_NoAuth_1.csproj", "{B4EE629B-D48F-4FFA-B55C-D336121D513E}"
EndProject
Global
	GlobalSection(SolutionConfigurationPlatforms) = preSolution
		Debug|Any CPU = Debug|Any CPU
		Release|Any CPU = Release|Any CPU
	EndGlobalSection
	GlobalSection(ProjectConfigurationPlatforms) = postSolution
		{B4EE629B-D48F-4FFA-B55C-D336121D513E}.Debug|Any CPU.ActiveCfg = Debug|Any CPU
		{B4EE629B-D48F-4FFA-B55C-D336121D513E}.Debug|Any CPU.Build.0 = Debug|Any CPU
		{B4EE629B-D48F-4FFA-B55C-D336121D513E}.Release|Any CPU.ActiveCfg = Release|Any CPU
		{B4EE629B-D48F-4FFA-B55C-D336121D513E}.Release|Any CPU.Build.0 = Release|Any CPU
	EndGlobalSection
	GlobalSection(SolutionProperties) = preSolution
		HideSolutionNode = FALSE
	EndGlobalSection
	GlobalSection(ExtensibilityGlobals) = postSolution
		SolutionGuid = {D30706EF-4168-4115-8AE1-24A91C7EDA5A}
	EndGlobalSection
EndGlobal
