
Microsoft Visual Studio Solution File, Format Version 12.00
# Visual Studio Version 17
VisualStudioVersion = 17.7.34002.454
MinimumVisualStudioVersion = 10.0.40219.1
Project("{FAE04EC0-301F-11D3-BF4B-00C04F79EFBC}") = "ConsoleApp_net70_1", "ConsoleApp_net70_1\ConsoleApp_net70_1.csproj", "{7D96598D-5858-460A-B4A5-3AE844898C69}"
EndProject
Global
	GlobalSection(SolutionConfigurationPlatforms) = preSolution
		Debug|Any CPU = Debug|Any CPU
		Release|Any CPU = Release|Any CPU
	EndGlobalSection
	GlobalSection(ProjectConfigurationPlatforms) = postSolution
		{7D96598D-5858-460A-B4A5-3AE844898C69}.Debug|Any CPU.ActiveCfg = Debug|Any CPU
		{7D96598D-5858-460A-B4A5-3AE844898C69}.Debug|Any CPU.Build.0 = Debug|Any CPU
		{7D96598D-5858-460A-B4A5-3AE844898C69}.Release|Any CPU.ActiveCfg = Release|Any CPU
		{7D96598D-5858-460A-B4A5-3AE844898C69}.Release|Any CPU.Build.0 = Release|Any CPU
	EndGlobalSection
	GlobalSection(SolutionProperties) = preSolution
		HideSolutionNode = FALSE
	EndGlobalSection
	GlobalSection(ExtensibilityGlobals) = postSolution
		SolutionGuid = {DB50D3FF-DF2F-4BDC-BB65-DCDC702A4B2D}
	EndGlobalSection
EndGlobal
