
Microsoft Visual Studio Solution File, Format Version 12.00
# Visual Studio Version 17
VisualStudioVersion = 17.11.35312.102
MinimumVisualStudioVersion = 10.0.40219.1
Project("{FAE04EC0-301F-11D3-BF4B-00C04F79EFBC}") = "WebAppMvc_Anc80_NoAuth_1", "WebAppMvc_Anc80_NoAuth_1\WebAppMvc_Anc80_NoAuth_1.csproj", "{BCEBC006-E118-49FF-B9AA-04EF6876682B}"
EndProject
Global
	GlobalSection(SolutionConfigurationPlatforms) = preSolution
		Debug|Any CPU = Debug|Any CPU
		Release|Any CPU = Release|Any CPU
	EndGlobalSection
	GlobalSection(ProjectConfigurationPlatforms) = postSolution
		{BCEBC006-E118-49FF-B9AA-04EF6876682B}.Debug|Any CPU.ActiveCfg = Debug|Any CPU
		{BCEBC006-E118-49FF-B9AA-04EF6876682B}.Debug|Any CPU.Build.0 = Debug|Any CPU
		{BCEBC006-E118-49FF-B9AA-04EF6876682B}.Release|Any CPU.ActiveCfg = Release|Any CPU
		{BCEBC006-E118-49FF-B9AA-04EF6876682B}.Release|Any CPU.Build.0 = Release|Any CPU
	EndGlobalSection
	GlobalSection(SolutionProperties) = preSolution
		HideSolutionNode = FALSE
	EndGlobalSection
	GlobalSection(ExtensibilityGlobals) = postSolution
		SolutionGuid = {217D9544-A850-418C-AE05-C12D95BF141B}
	EndGlobalSection
EndGlobal
